// !$*UTF8*$!
{
	archiveVersion = 1;
	classes = {
	};
	objectVersion = 50;
	objects = {

/* Begin PBXBuildFile section */
		49CE792222FBE821007E4CF7 /* AppDelegate.swift in Sources */ = {isa = PBXBuildFile; fileRef = 49CE792122FBE821007E4CF7 /* AppDelegate.swift */; };
		49CE792422FBE821007E4CF7 /* ViewController.swift in Sources */ = {isa = PBXBuildFile; fileRef = 49CE792322FBE821007E4CF7 /* ViewController.swift */; };
		49CE792722FBE821007E4CF7 /* Main.storyboard in Resources */ = {isa = PBXBuildFile; fileRef = 49CE792522FBE821007E4CF7 /* Main.storyboard */; };
		49CE792922FBE822007E4CF7 /* Assets.xcassets in Resources */ = {isa = PBXBuildFile; fileRef = 49CE792822FBE822007E4CF7 /* Assets.xcassets */; };
		49CE792C22FBE822007E4CF7 /* LaunchScreen.storyboard in Resources */ = {isa = PBXBuildFile; fileRef = 49CE792A22FBE822007E4CF7 /* LaunchScreen.storyboard */; };
		49CE793422FBF31E007E4CF7 /* GaliGali.mp3 in Resources */ = {isa = PBXBuildFile; fileRef = 49CE793322FBF31E007E4CF7 /* GaliGali.mp3 */; };
		49CE793822FC52EB007E4CF7 /* kajra.mp3 in Resources */ = {isa = PBXBuildFile; fileRef = 49CE793522FC52EB007E4CF7 /* kajra.mp3 */; };
		49CE793922FC52EB007E4CF7 /* apna.mp3 in Resources */ = {isa = PBXBuildFile; fileRef = 49CE793622FC52EB007E4CF7 /* apna.mp3 */; };
		49CE793A22FC52EB007E4CF7 /* teri.mp3 in Resources */ = {isa = PBXBuildFile; fileRef = 49CE793722FC52EB007E4CF7 /* teri.mp3 */; };
		49CE793C22FC6D9C007E4CF7 /* Namo Namo.mp3 in Resources */ = {isa = PBXBuildFile; fileRef = 49CE793B22FC6D9C007E4CF7 /* Namo Namo.mp3 */; };
		49CE793E22FC73E8007E4CF7 /* Aarambh.mp3 in Resources */ = {isa = PBXBuildFile; fileRef = 49CE793D22FC73E8007E4CF7 /* Aarambh.mp3 */; };
		49CE794022FC745B007E4CF7 /* DIL CHORI.mp3 in Resources */ = {isa = PBXBuildFile; fileRef = 49CE793F22FC745B007E4CF7 /* DIL CHORI.mp3 */; };
/* End PBXBuildFile section */

/* Begin PBXFileReference section */
		49CE791E22FBE821007E4CF7 /* Sound_Shaker.app */ = {isa = PBXFileReference; explicitFileType = wrapper.application; includeInIndex = 0; path = Sound_Shaker.app; sourceTree = BUILT_PRODUCTS_DIR; };
		49CE792122FBE821007E4CF7 /* AppDelegate.swift */ = {isa = PBXFileReference; lastKnownFileType = sourcecode.swift; path = AppDelegate.swift; sourceTree = "<group>"; };
		49CE792322FBE821007E4CF7 /* ViewController.swift */ = {isa = PBXFileReference; lastKnownFileType = sourcecode.swift; path = ViewController.swift; sourceTree = "<group>"; };
		49CE792622FBE821007E4CF7 /* Base */ = {isa = PBXFileReference; lastKnownFileType = file.storyboard; name = Base; path = Base.lproj/Main.storyboard; sourceTree = "<group>"; };
		49CE792822FBE822007E4CF7 /* Assets.xcassets */ = {isa = PBXFileReference; lastKnownFileType = folder.assetcatalog; path = Assets.xcassets; sourceTree = "<group>"; };
		49CE792B22FBE822007E4CF7 /* Base */ = {isa = PBXFileReference; lastKnownFileType = file.storyboard; name = Base; path = Base.lproj/LaunchScreen.storyboard; sourceTree = "<group>"; };
		49CE792D22FBE822007E4CF7 /* Info.plist */ = {isa = PBXFileReference; lastKnownFileType = text.plist.xml; path = Info.plist; sourceTree = "<group>"; };
		49CE793322FBF31E007E4CF7 /* GaliGali.mp3 */ = {isa = PBXFileReference; lastKnownFileType = audio.mp3; name = GaliGali.mp3; path = ../../../../Downloads/GaliGali.mp3; sourceTree = "<group>"; };
		49CE793522FC52EB007E4CF7 /* kajra.mp3 */ = {isa = PBXFileReference; lastKnownFileType = audio.mp3; name = kajra.mp3; path = ../../../../Downloads/kajra.mp3; sourceTree = "<group>"; };
		49CE793622FC52EB007E4CF7 /* apna.mp3 */ = {isa = PBXFileReference; lastKnownFileType = audio.mp3; name = apna.mp3; path = ../../../../Downloads/apna.mp3; sourceTree = "<group>"; };
		49CE793722FC52EB007E4CF7 /* teri.mp3 */ = {isa = PBXFileReference; lastKnownFileType = audio.mp3; name = teri.mp3; path = ../../../../Downloads/teri.mp3; sourceTree = "<group>"; };
		49CE793B22FC6D9C007E4CF7 /* Namo Namo.mp3 */ = {isa = PBXFileReference; lastKnownFileType = audio.mp3; name = "Namo Namo.mp3"; path = "../../../../Downloads/Namo Namo.mp3"; sourceTree = "<group>"; };
		49CE793D22FC73E8007E4CF7 /* Aarambh.mp3 */ = {isa = PBXFileReference; lastKnownFileType = audio.mp3; name = Aarambh.mp3; path = ../../../../Downloads/Aarambh.mp3; sourceTree = "<group>"; };
		49CE793F22FC745B007E4CF7 /* DIL CHORI.mp3 */ = {isa = PBXFileReference; lastKnownFileType = audio.mp3; name = "DIL CHORI.mp3"; path = "../../../../Downloads/DIL CHORI.mp3"; sourceTree = "<group>"; };
/* End PBXFileReference section */

/* Begin PBXFrameworksBuildPhase section */
		49CE791B22FBE821007E4CF7 /* Frameworks */ = {
			isa = PBXFrameworksBuildPhase;
			buildActionMask = 2147483647;
			files = (
			);
			runOnlyForDeploymentPostprocessing = 0;
		};
/* End PBXFrameworksBuildPhase section */

/* Begin PBXGroup section */
		49CE791522FBE821007E4CF7 = {
			isa = PBXGroup;
			children = (
				49CE792022FBE821007E4CF7 /* Sound_Shaker */,
				49CE791F22FBE821007E4CF7 /* Products */,
			);
			sourceTree = "<group>";
		};
		49CE791F22FBE821007E4CF7 /* Products */ = {
			isa = PBXGroup;
			children = (
				49CE791E22FBE821007E4CF7 /* Sound_Shaker.app */,
			);
			name = Products;
			sourceTree = "<group>";
		};
		49CE792022FBE821007E4CF7 /* Sound_Shaker */ = {
			isa = PBXGroup;
			children = (
				49CE793622FC52EB007E4CF7 /* apna.mp3 */,
				49CE793B22FC6D9C007E4CF7 /* Namo Namo.mp3 */,
				49CE793522FC52EB007E4CF7 /* kajra.mp3 */,
				49CE793D22FC73E8007E4CF7 /* Aarambh.mp3 */,
				49CE793722FC52EB007E4CF7 /* teri.mp3 */,
				49CE793F22FC745B007E4CF7 /* DIL CHORI.mp3 */,
				49CE793322FBF31E007E4CF7 /* GaliGali.mp3 */,
				49CE792122FBE821007E4CF7 /* AppDelegate.swift */,
				49CE792322FBE821007E4CF7 /* ViewController.swift */,
				49CE792522FBE821007E4CF7 /* Main.storyboard */,
				49CE792822FBE822007E4CF7 /* Assets.xcassets */,
				49CE792A22FBE822007E4CF7 /* LaunchScreen.storyboard */,
				49CE792D22FBE822007E4CF7 /* Info.plist */,
			);
			path = Sound_Shaker;
			sourceTree = "<group>";
		};
/* End PBXGroup section */

/* Begin PBXNativeTarget section */
		49CE791D22FBE821007E4CF7 /* Sound_Shaker */ = {
			isa = PBXNativeTarget;
			buildConfigurationList = 49CE793022FBE822007E4CF7 /* Build configuration list for PBXNativeTarget "Sound_Shaker" */;
			buildPhases = (
				49CE791A22FBE821007E4CF7 /* Sources */,
				49CE791B22FBE821007E4CF7 /* Frameworks */,
				49CE791C22FBE821007E4CF7 /* Resources */,
			);
			buildRules = (
			);
			dependencies = (
			);
			name = Sound_Shaker;
			productName = Sound_Shaker;
			productReference = 49CE791E22FBE821007E4CF7 /* Sound_Shaker.app */;
			productType = "com.apple.product-type.application";
		};
/* End PBXNativeTarget section */

/* Begin PBXProject section */
		49CE791622FBE821007E4CF7 /* Project object */ = {
			isa = PBXProject;
			attributes = {
				LastSwiftUpdateCheck = 1030;
				LastUpgradeCheck = 1030;
				ORGANIZATIONNAME = IMCS2;
				TargetAttributes = {
					49CE791D22FBE821007E4CF7 = {
						CreatedOnToolsVersion = 10.3;
					};
				};
			};
			buildConfigurationList = 49CE791922FBE821007E4CF7 /* Build configuration list for PBXProject "Sound_Shaker" */;
			compatibilityVersion = "Xcode 9.3";
			developmentRegion = en;
			hasScannedForEncodings = 0;
			knownRegions = (
				en,
				Base,
			);
			mainGroup = 49CE791522FBE821007E4CF7;
			productRefGroup = 49CE791F22FBE821007E4CF7 /* Products */;
			projectDirPath = "";
			projectRoot = "";
			targets = (
				49CE791D22FBE821007E4CF7 /* Sound_Shaker */,
			);
		};
/* End PBXProject section */

/* Begin PBXResourcesBuildPhase section */
		49CE791C22FBE821007E4CF7 /* Resources */ = {
			isa = PBXResourcesBuildPhase;
			buildActionMask = 2147483647;
			files = (
				49CE793422FBF31E007E4CF7 /* GaliGali.mp3 in Resources */,
				49CE793C22FC6D9C007E4CF7 /* Namo Namo.mp3 in Resources */,
				49CE793822FC52EB007E4CF7 /* kajra.mp3 in Resources */,
				49CE794022FC745B007E4CF7 /* DIL CHORI.mp3 in Resources */,
				49CE793922FC52EB007E4CF7 /* apna.mp3 in Resources */,
				49CE792C22FBE822007E4CF7 /* LaunchScreen.storyboard in Resources */,
				49CE793E22FC73E8007E4CF7 /* Aarambh.mp3 in Resources */,
				49CE793A22FC52EB007E4CF7 /* teri.mp3 in Resources */,
				49CE792922FBE822007E4CF7 /* Assets.xcassets in Resources */,
				49CE792722FBE821007E4CF7 /* Main.storyboard in Resources */,
			);
			runOnlyForDeploymentPostprocessing = 0;
		};
/* End PBXResourcesBuildPhase section */

/* Begin PBXSourcesBuildPhase section */
		49CE791A22FBE821007E4CF7 /* Sources */ = {
			isa = PBXSourcesBuildPhase;
			buildActionMask = 2147483647;
			files = (
				49CE792422FBE821007E4CF7 /* ViewController.swift in Sources */,
				49CE792222FBE821007E4CF7 /* AppDelegate.swift in Sources */,
			);
			runOnlyForDeploymentPostprocessing = 0;
		};
/* End PBXSourcesBuildPhase section */

/* Begin PBXVariantGroup section */
		49CE792522FBE821007E4CF7 /* Main.storyboard */ = {
			isa = PBXVariantGroup;
			children = (
				49CE792622FBE821007E4CF7 /* Base */,
			);
			name = Main.storyboard;
			sourceTree = "<group>";
		};
		49CE792A22FBE822007E4CF7 /* LaunchScreen.storyboard */ = {
			isa = PBXVariantGroup;
			children = (
				49CE792B22FBE822007E4CF7 /* Base */,
			);
			name = LaunchScreen.storyboard;
			sourceTree = "<group>";
		};
/* End PBXVariantGroup section */

/* Begin XCBuildConfiguration section */
		49CE792E22FBE822007E4CF7 /* Debug */ = {
			isa = XCBuildConfiguration;
			buildSettings = {
				ALWAYS_SEARCH_USER_PATHS = NO;
				CLANG_ANALYZER_NONNULL = YES;
				CLANG_ANALYZER_NUMBER_OBJECT_CONVERSION = YES_AGGRESSIVE;
				CLANG_CXX_LANGUAGE_STANDARD = "gnu++14";
				CLANG_CXX_LIBRARY = "libc++";
				CLANG_ENABLE_MODULES = YES;
				CLANG_ENABLE_OBJC_ARC = YES;
				CLANG_ENABLE_OBJC_WEAK = YES;
				CLANG_WARN_BLOCK_CAPTURE_AUTORELEASING = YES;
				CLANG_WARN_BOOL_CONVERSION = YES;
				CLANG_WARN_COMMA = YES;
				CLANG_WARN_CONSTANT_CONVERSION = YES;
				CLANG_WARN_DEPRECATED_OBJC_IMPLEMENTATIONS = YES;
				CLANG_WARN_DIRECT_OBJC_ISA_USAGE = YES_ERROR;
				CLANG_WARN_DOCUMENTATION_COMMENTS = YES;
				CLANG_WARN_EMPTY_BODY = YES;
				CLANG_WARN_ENUM_CONVERSION = YES;
				CLANG_WARN_INFINITE_RECURSION = YES;
				CLANG_WARN_INT_CONVERSION = YES;
				CLANG_WARN_NON_LITERAL_NULL_CONVERSION = YES;
				CLANG_WARN_OBJC_IMPLICIT_RETAIN_SELF = YES;
				CLANG_WARN_OBJC_LITERAL_CONVERSION = YES;
				CLANG_WARN_OBJC_ROOT_CLASS = YES_ERROR;
				CLANG_WARN_RANGE_LOOP_ANALYSIS = YES;
				CLANG_WARN_STRICT_PROTOTYPES = YES;
				CLANG_WARN_SUSPICIOUS_MOVE = YES;
				CLANG_WARN_UNGUARDED_AVAILABILITY = YES_AGGRESSIVE;
				CLANG_WARN_UNREACHABLE_CODE = YES;
				CLANG_WARN__DUPLICATE_METHOD_MATCH = YES;
				CODE_SIGN_IDENTITY = "iPhone Developer";
				COPY_PHASE_STRIP = NO;
				DEBUG_INFORMATION_FORMAT = dwarf;
				ENABLE_STRICT_OBJC_MSGSEND = YES;
				ENABLE_TESTABILITY = YES;
				GCC_C_LANGUAGE_STANDARD = gnu11;
				GCC_DYNAMIC_NO_PIC = NO;
				GCC_NO_COMMON_BLOCKS = YES;
				GCC_OPTIMIZATION_LEVEL = 0;
				GCC_PREPROCESSOR_DEFINITIONS = (
					"DEBUG=1",
					"$(inherited)",
				);
				GCC_WARN_64_TO_32_BIT_CONVERSION = YES;
				GCC_WARN_ABOUT_RETURN_TYPE = YES_ERROR;
				GCC_WARN_UNDECLARED_SELECTOR = YES;
				GCC_WARN_UNINITIALIZED_AUTOS = YES_AGGRESSIVE;
				GCC_WARN_UNUSED_FUNCTION = YES;
				GCC_WARN_UNUSED_VARIABLE = YES;
				IPHONEOS_DEPLOYMENT_TARGET = 12.4;
				MTL_ENABLE_DEBUG_INFO = INCLUDE_SOURCE;
				MTL_FAST_MATH = YES;
				ONLY_ACTIVE_ARCH = YES;
				SDKROOT = iphoneos;
				SWIFT_ACTIVE_COMPILATION_CONDITIONS = DEBUG;
				SWIFT_OPTIMIZATION_LEVEL = "-Onone";
			};
			name = Debug;
		};
		49CE792F22FBE822007E4CF7 /* Release */ = {
			isa = XCBuildConfiguration;
			buildSettings = {
				ALWAYS_SEARCH_USER_PATHS = NO;
				CLANG_ANALYZER_NONNULL = YES;
				CLANG_ANALYZER_NUMBER_OBJECT_CONVERSION = YES_AGGRESSIVE;
				CLANG_CXX_LANGUAGE_STANDARD = "gnu++14";
				CLANG_CXX_LIBRARY = "libc++";
				CLANG_ENABLE_MODULES = YES;
				CLANG_ENABLE_OBJC_ARC = YES;
				CLANG_ENABLE_OBJC_WEAK = YES;
				CLANG_WARN_BLOCK_CAPTURE_AUTORELEASING = YES;
				CLANG_WARN_BOOL_CONVERSION = YES;
				CLANG_WARN_COMMA = YES;
				CLANG_WARN_CONSTANT_CONVERSION = YES;
				CLANG_WARN_DEPRECATED_OBJC_IMPLEMENTATIONS = YES;
				CLANG_WARN_DIRECT_OBJC_ISA_USAGE = YES_ERROR;
				CLANG_WARN_DOCUMENTATION_COMMENTS = YES;
				CLANG_WARN_EMPTY_BODY = YES;
				CLANG_WARN_ENUM_CONVERSION = YES;
				CLANG_WARN_INFINITE_RECURSION = YES;
				CLANG_WARN_INT_CONVERSION = YES;
				CLANG_WARN_NON_LITERAL_NULL_CONVERSION = YES;
				CLANG_WARN_OBJC_IMPLICIT_RETAIN_SELF = YES;
				CLANG_WARN_OBJC_LITERAL_CONVERSION = YES;
				CLANG_WARN_OBJC_ROOT_CLASS = YES_ERROR;
				CLANG_WARN_RANGE_LOOP_ANALYSIS = YES;
				CLANG_WARN_STRICT_PROTOTYPES = YES;
				CLANG_WARN_SUSPICIOUS_MOVE = YES;
				CLANG_WARN_UNGUARDED_AVAILABILITY = YES_AGGRESSIVE;
				CLANG_WARN_UNREACHABLE_CODE = YES;
				CLANG_WARN__DUPLICATE_METHOD_MATCH = YES;
				CODE_SIGN_IDENTITY = "iPhone Developer";
				COPY_PHASE_STRIP = NO;
				DEBUG_INFORMATION_FORMAT = "dwarf-with-dsym";
				ENABLE_NS_ASSERTIONS = NO;
				ENABLE_STRICT_OBJC_MSGSEND = YES;
				GCC_C_LANGUAGE_STANDARD = gnu11;
				GCC_NO_COMMON_BLOCKS = YES;
				GCC_WARN_64_TO_32_BIT_CONVERSION = YES;
				GCC_WARN_ABOUT_RETURN_TYPE = YES_ERROR;
				GCC_WARN_UNDECLARED_SELECTOR = YES;
				GCC_WARN_UNINITIALIZED_AUTOS = YES_AGGRESSIVE;
				GCC_WARN_UNUSED_FUNCTION = YES;
				GCC_WARN_UNUSED_VARIABLE = YES;
				IPHONEOS_DEPLOYMENT_TARGET = 12.4;
				MTL_ENABLE_DEBUG_INFO = NO;
				MTL_FAST_MATH = YES;
				SDKROOT = iphoneos;
				SWIFT_COMPILATION_MODE = wholemodule;
				SWIFT_OPTIMIZATION_LEVEL = "-O";
				VALIDATE_PRODUCT = YES;
			};
			name = Release;
		};
		49CE793122FBE822007E4CF7 /* Debug */ = {
			isa = XCBuildConfiguration;
			buildSettings = {
				ASSETCATALOG_COMPILER_APPICON_NAME = AppIcon;
				CODE_SIGN_STYLE = Automatic;
				INFOPLIST_FILE = Sound_Shaker/Info.plist;
				LD_RUNPATH_SEARCH_PATHS = (
					"$(inherited)",
					"@executable_path/Frameworks",
				);
				PRODUCT_BUNDLE_IDENTIFIER = "imcs.Sound-Shaker";
				PRODUCT_NAME = "$(TARGET_NAME)";
				SWIFT_VERSION = 5.0;
				TARGETED_DEVICE_FAMILY = "1,2";
			};
			name = Debug;
		};
		49CE793222FBE822007E4CF7 /* Release */ = {
			isa = XCBuildConfiguration;
			buildSettings = {
				ASSETCATALOG_COMPILER_APPICON_NAME = AppIcon;
				CODE_SIGN_STYLE = Automatic;
				INFOPLIST_FILE = Sound_Shaker/Info.plist;
				LD_RUNPATH_SEARCH_PATHS = (
					"$(inherited)",
					"@executable_path/Frameworks",
				);
				PRODUCT_BUNDLE_IDENTIFIER = "imcs.Sound-Shaker";
				PRODUCT_NAME = "$(TARGET_NAME)";
				SWIFT_VERSION = 5.0;
				TARGETED_DEVICE_FAMILY = "1,2";
			};
			name = Release;
		};
/* End XCBuildConfiguration section */

/* Begin XCConfigurationList section */
		49CE791922FBE821007E4CF7 /* Build configuration list for PBXProject "Sound_Shaker" */ = {
			isa = XCConfigurationList;
			buildConfigurations = (
				49CE792E22FBE822007E4CF7 /* Debug */,
				49CE792F22FBE822007E4CF7 /* Release */,
			);
			defaultConfigurationIsVisible = 0;
			defaultConfigurationName = Release;
		};
		49CE793022FBE822007E4CF7 /* Build configuration list for PBXNativeTarget "Sound_Shaker" */ = {
			isa = XCConfigurationList;
			buildConfigurations = (
				49CE793122FBE822007E4CF7 /* Debug */,
				49CE793222FBE822007E4CF7 /* Release */,
			);
			defaultConfigurationIsVisible = 0;
			defaultConfigurationName = Release;
		};
/* End XCConfigurationList section */
	};
	rootObject = 49CE791622FBE821007E4CF7 /* Project object */;
}
